// !$*UTF8*$!
{
	archiveVersion = 1;
	classes = {
	};
	objectVersion = 56;
	objects = {

/* Begin PBXBuildFile section */
		1FB3DBB329CCFE9700ABEC5E /* ExpandableCalendarTileApp.swift in Sources */ = {isa = PBXBuildFile; fileRef = 1FB3DBB229CCFE9700ABEC5E /* ExpandableCalendarTileApp.swift */; };
		1FB3DBB529CCFE9700ABEC5E /* ContentView.swift in Sources */ = {isa = PBXBuildFile; fileRef = 1FB3DBB429CCFE9700ABEC5E /* ContentView.swift */; };
		1FB3DBB729CCFE9700ABEC5E /* Assets.xcassets in Resources */ = {isa = PBXBuildFile; fileRef = 1FB3DBB629CCFE9700ABEC5E /* Assets.xcassets */; };
		1FB3DBBA29CCFE9700ABEC5E /* Preview Assets.xcassets in Resources */ = {isa = PBXBuildFile; fileRef = 1FB3DBB929CCFE9700ABEC5E /* Preview Assets.xcassets */; };
		1FB3DBC329CCFED700ABEC5E /* ExpandableCalendarTile.swift in Sources */ = {isa = PBXBuildFile; fileRef = 1FB3DBC229CCFED700ABEC5E /* ExpandableCalendarTile.swift */; };
		1FB3DBC629CD000700ABEC5E /* DateFormatterExtensions.swift in Sources */ = {isa = PBXBuildFile; fileRef = 1FB3DBC529CD000700ABEC5E /* DateFormatterExtensions.swift */; };
/* End PBXBuildFile section */

/* Begin PBXFileReference section */
		1FB3DBAF29CCFE9700ABEC5E /* ExpandableCalendarTile.app */ = {isa = PBXFileReference; explicitFileType = wrapper.application; includeInIndex = 0; path = ExpandableCalendarTile.app; sourceTree = BUILT_PRODUCTS_DIR; };
		1FB3DBB229CCFE9700ABEC5E /* ExpandableCalendarTileApp.swift */ = {isa = PBXFileReference; lastKnownFileType = sourcecode.swift; path = ExpandableCalendarTileApp.swift; sourceTree = "<group>"; };
		1FB3DBB429CCFE9700ABEC5E /* ContentView.swift */ = {isa = PBXFileReference; lastKnownFileType = sourcecode.swift; path = ContentView.swift; sourceTree = "<group>"; };
		1FB3DBB629CCFE9700ABEC5E /* Assets.xcassets */ = {isa = PBXFileReference; lastKnownFileType = folder.assetcatalog; path = Assets.xcassets; sourceTree = "<group>"; };
		1FB3DBB929CCFE9700ABEC5E /* Preview Assets.xcassets */ = {isa = PBXFileReference; lastKnownFileType = folder.assetcatalog; path = "Preview Assets.xcassets"; sourceTree = "<group>"; };
		1FB3DBC229CCFED700ABEC5E /* ExpandableCalendarTile.swift */ = {isa = PBXFileReference; lastKnownFileType = sourcecode.swift; path = ExpandableCalendarTile.swift; sourceTree = "<group>"; };
		1FB3DBC529CD000700ABEC5E /* DateFormatterExtensions.swift */ = {isa = PBXFileReference; lastKnownFileType = sourcecode.swift; path = DateFormatterExtensions.swift; sourceTree = "<group>"; };
/* End PBXFileReference section */

/* Begin PBXFrameworksBuildPhase section */
		1FB3DBAC29CCFE9700ABEC5E /* Frameworks */ = {
			isa = PBXFrameworksBuildPhase;
			buildActionMask = 2147483647;
			files = (
			);
			runOnlyForDeploymentPostprocessing = 0;
		};
/* End PBXFrameworksBuildPhase section */

/* Begin PBXGroup section */
		1FB3DBA629CCFE9700ABEC5E = {
			isa = PBXGroup;
			children = (
				1FB3DBB129CCFE9700ABEC5E /* ExpandableCalendarTile */,
				1FB3DBB029CCFE9700ABEC5E /* Products */,
			);
			sourceTree = "<group>";
		};
		1FB3DBB029CCFE9700ABEC5E /* Products */ = {
			isa = PBXGroup;
			children = (
				1FB3DBAF29CCFE9700ABEC5E /* ExpandableCalendarTile.app */,
			);
			name = Products;
			sourceTree = "<group>";
		};
		1FB3DBB129CCFE9700ABEC5E /* ExpandableCalendarTile */ = {
			isa = PBXGroup;
			children = (
				1FB3DBC129CCFEC500ABEC5E /* EntryPointApp */,
				1FB3DBC429CCFFF200ABEC5E /* Extensions */,
				1FB3DBC029CCFEB800ABEC5E /* Views */,
				1FB3DBB629CCFE9700ABEC5E /* Assets.xcassets */,
				1FB3DBB829CCFE9700ABEC5E /* Preview Content */,
			);
			path = ExpandableCalendarTile;
			sourceTree = "<group>";
		};
		1FB3DBB829CCFE9700ABEC5E /* Preview Content */ = {
			isa = PBXGroup;
			children = (
				1FB3DBB929CCFE9700ABEC5E /* Preview Assets.xcassets */,
			);
			path = "Preview Content";
			sourceTree = "<group>";
		};
		1FB3DBC029CCFEB800ABEC5E /* Views */ = {
			isa = PBXGroup;
			children = (
				1FB3DBB429CCFE9700ABEC5E /* ContentView.swift */,
				1FB3DBC229CCFED700ABEC5E /* ExpandableCalendarTile.swift */,
			);
			path = Views;
			sourceTree = "<group>";
		};
		1FB3DBC129CCFEC500ABEC5E /* EntryPointApp */ = {
			isa = PBXGroup;
			children = (
				1FB3DBB229CCFE9700ABEC5E /* ExpandableCalendarTileApp.swift */,
			);
			path = EntryPointApp;
			sourceTree = "<group>";
		};
		1FB3DBC429CCFFF200ABEC5E /* Extensions */ = {
			isa = PBXGroup;
			children = (
				1FB3DBC529CD000700ABEC5E /* DateFormatterExtensions.swift */,
			);
			path = Extensions;
			sourceTree = "<group>";
		};
/* End PBXGroup section */

/* Begin PBXNativeTarget section */
		1FB3DBAE29CCFE9700ABEC5E /* ExpandableCalendarTile */ = {
			isa = PBXNativeTarget;
			buildConfigurationList = 1FB3DBBD29CCFE9700ABEC5E /* Build configuration list for PBXNativeTarget "ExpandableCalendarTile" */;
			buildPhases = (
				1FB3DBAB29CCFE9700ABEC5E /* Sources */,
				1FB3DBAC29CCFE9700ABEC5E /* Frameworks */,
				1FB3DBAD29CCFE9700ABEC5E /* Resources */,
			);
			buildRules = (
			);
			dependencies = (
			);
			name = ExpandableCalendarTile;
			productName = ExpandableCalendarTile;
			productReference = 1FB3DBAF29CCFE9700ABEC5E /* ExpandableCalendarTile.app */;
			productType = "com.apple.product-type.application";
		};
/* End PBXNativeTarget section */

/* Begin PBXProject section */
		1FB3DBA729CCFE9700ABEC5E /* Project object */ = {
			isa = PBXProject;
			attributes = {
				BuildIndependentTargetsInParallel = 1;
				LastSwiftUpdateCheck = 1420;
				LastUpgradeCheck = 1420;
				TargetAttributes = {
					1FB3DBAE29CCFE9700ABEC5E = {
						CreatedOnToolsVersion = 14.2;
					};
				};
			};
			buildConfigurationList = 1FB3DBAA29CCFE9700ABEC5E /* Build configuration list for PBXProject "ExpandableCalendarTile" */;
			compatibilityVersion = "Xcode 14.0";
			developmentRegion = en;
			hasScannedForEncodings = 0;
			knownRegions = (
				en,
				Base,
			);
			mainGroup = 1FB3DBA629CCFE9700ABEC5E;
			productRefGroup = 1FB3DBB029CCFE9700ABEC5E /* Products */;
			projectDirPath = "";
			projectRoot = "";
			targets = (
				1FB3DBAE29CCFE9700ABEC5E /* ExpandableCalendarTile */,
			);
		};
/* End PBXProject section */

/* Begin PBXResourcesBuildPhase section */
		1FB3DBAD29CCFE9700ABEC5E /* Resources */ = {
			isa = PBXResourcesBuildPhase;
			buildActionMask = 2147483647;
			files = (
				1FB3DBBA29CCFE9700ABEC5E /* Preview Assets.xcassets in Resources */,
				1FB3DBB729CCFE9700ABEC5E /* Assets.xcassets in Resources */,
			);
			runOnlyForDeploymentPostprocessing = 0;
		};
/* End PBXResourcesBuildPhase section */

/* Begin PBXSourcesBuildPhase section */
		1FB3DBAB29CCFE9700ABEC5E /* Sources */ = {
			isa = PBXSourcesBuildPhase;
			buildActionMask = 2147483647;
			files = (
				1FB3DBB529CCFE9700ABEC5E /* ContentView.swift in Sources */,
				1FB3DBB329CCFE9700ABEC5E /* ExpandableCalendarTileApp.swift in Sources */,
				1FB3DBC629CD000700ABEC5E /* DateFormatterExtensions.swift in Sources */,
				1FB3DBC329CCFED700ABEC5E /* ExpandableCalendarTile.swift in Sources */,
			);
			runOnlyForDeploymentPostprocessing = 0;
		};
/* End PBXSourcesBuildPhase section */

/* Begin XCBuildConfiguration section */
		1FB3DBBB29CCFE9700ABEC5E /* Debug */ = {
			isa = XCBuildConfiguration;
			buildSettings = {
				ALWAYS_SEARCH_USER_PATHS = NO;
				CLANG_ANALYZER_NONNULL = YES;
				CLANG_ANALYZER_NUMBER_OBJECT_CONVERSION = YES_AGGRESSIVE;
				CLANG_CXX_LANGUAGE_STANDARD = "gnu++20";
				CLANG_ENABLE_MODULES = YES;
				CLANG_ENABLE_OBJC_ARC = YES;
				CLANG_ENABLE_OBJC_WEAK = YES;
				CLANG_WARN_BLOCK_CAPTURE_AUTORELEASING = YES;
				CLANG_WARN_BOOL_CONVERSION = YES;
				CLANG_WARN_COMMA = YES;
				CLANG_WARN_CONSTANT_CONVERSION = YES;
				CLANG_WARN_DEPRECATED_OBJC_IMPLEMENTATIONS = YES;
				CLANG_WARN_DIRECT_OBJC_ISA_USAGE = YES_ERROR;
				CLANG_WARN_DOCUMENTATION_COMMENTS = YES;
				CLANG_WARN_EMPTY_BODY = YES;
				CLANG_WARN_ENUM_CONVERSION = YES;
				CLANG_WARN_INFINITE_RECURSION = YES;
				CLANG_WARN_INT_CONVERSION = YES;
				CLANG_WARN_NON_LITERAL_NULL_CONVERSION = YES;
				CLANG_WARN_OBJC_IMPLICIT_RETAIN_SELF = YES;
				CLANG_WARN_OBJC_LITERAL_CONVERSION = YES;
				CLANG_WARN_OBJC_ROOT_CLASS = YES_ERROR;
				CLANG_WARN_QUOTED_INCLUDE_IN_FRAMEWORK_HEADER = YES;
				CLANG_WARN_RANGE_LOOP_ANALYSIS = YES;
				CLANG_WARN_STRICT_PROTOTYPES = YES;
				CLANG_WARN_SUSPICIOUS_MOVE = YES;
				CLANG_WARN_UNGUARDED_AVAILABILITY = YES_AGGRESSIVE;
				CLANG_WARN_UNREACHABLE_CODE = YES;
				CLANG_WARN__DUPLICATE_METHOD_MATCH = YES;
				COPY_PHASE_STRIP = NO;
				DEBUG_INFORMATION_FORMAT = dwarf;
				ENABLE_STRICT_OBJC_MSGSEND = YES;
				ENABLE_TESTABILITY = YES;
				GCC_C_LANGUAGE_STANDARD = gnu11;
				GCC_DYNAMIC_NO_PIC = NO;
				GCC_NO_COMMON_BLOCKS = YES;
				GCC_OPTIMIZATION_LEVEL = 0;
				GCC_PREPROCESSOR_DEFINITIONS = (
					"DEBUG=1",
					"$(inherited)",
				);
				GCC_WARN_64_TO_32_BIT_CONVERSION = YES;
				GCC_WARN_ABOUT_RETURN_TYPE = YES_ERROR;
				GCC_WARN_UNDECLARED_SELECTOR = YES;
				GCC_WARN_UNINITIALIZED_AUTOS = YES_AGGRESSIVE;
				GCC_WARN_UNUSED_FUNCTION = YES;
				GCC_WARN_UNUSED_VARIABLE = YES;
				IPHONEOS_DEPLOYMENT_TARGET = 16.2;
				MTL_ENABLE_DEBUG_INFO = INCLUDE_SOURCE;
				MTL_FAST_MATH = YES;
				ONLY_ACTIVE_ARCH = YES;
				SDKROOT = iphoneos;
				SWIFT_ACTIVE_COMPILATION_CONDITIONS = DEBUG;
				SWIFT_OPTIMIZATION_LEVEL = "-Onone";
			};
			name = Debug;
		};
		1FB3DBBC29CCFE9700ABEC5E /* Release */ = {
			isa = XCBuildConfiguration;
			buildSettings = {
				ALWAYS_SEARCH_USER_PATHS = NO;
				CLANG_ANALYZER_NONNULL = YES;
				CLANG_ANALYZER_NUMBER_OBJECT_CONVERSION = YES_AGGRESSIVE;
				CLANG_CXX_LANGUAGE_STANDARD = "gnu++20";
				CLANG_ENABLE_MODULES = YES;
				CLANG_ENABLE_OBJC_ARC = YES;
				CLANG_ENABLE_OBJC_WEAK = YES;
				CLANG_WARN_BLOCK_CAPTURE_AUTORELEASING = YES;
				CLANG_WARN_BOOL_CONVERSION = YES;
				CLANG_WARN_COMMA = YES;
				CLANG_WARN_CONSTANT_CONVERSION = YES;
				CLANG_WARN_DEPRECATED_OBJC_IMPLEMENTATIONS = YES;
				CLANG_WARN_DIRECT_OBJC_ISA_USAGE = YES_ERROR;
				CLANG_WARN_DOCUMENTATION_COMMENTS = YES;
				CLANG_WARN_EMPTY_BODY = YES;
				CLANG_WARN_ENUM_CONVERSION = YES;
				CLANG_WARN_INFINITE_RECURSION = YES;
				CLANG_WARN_INT_CONVERSION = YES;
				CLANG_WARN_NON_LITERAL_NULL_CONVERSION = YES;
				CLANG_WARN_OBJC_IMPLICIT_RETAIN_SELF = YES;
				CLANG_WARN_OBJC_LITERAL_CONVERSION = YES;
				CLANG_WARN_OBJC_ROOT_CLASS = YES_ERROR;
				CLANG_WARN_QUOTED_INCLUDE_IN_FRAMEWORK_HEADER = YES;
				CLANG_WARN_RANGE_LOOP_ANALYSIS = YES;
				CLANG_WARN_STRICT_PROTOTYPES = YES;
				CLANG_WARN_SUSPICIOUS_MOVE = YES;
				CLANG_WARN_UNGUARDED_AVAILABILITY = YES_AGGRESSIVE;
				CLANG_WARN_UNREACHABLE_CODE = YES;
				CLANG_WARN__DUPLICATE_METHOD_MATCH = YES;
				COPY_PHASE_STRIP = NO;
				DEBUG_INFORMATION_FORMAT = "dwarf-with-dsym";
				ENABLE_NS_ASSERTIONS = NO;
				ENABLE_STRICT_OBJC_MSGSEND = YES;
				GCC_C_LANGUAGE_STANDARD = gnu11;
				GCC_NO_COMMON_BLOCKS = YES;
				GCC_WARN_64_TO_32_BIT_CONVERSION = YES;
				GCC_WARN_ABOUT_RETURN_TYPE = YES_ERROR;
				GCC_WARN_UNDECLARED_SELECTOR = YES;
				GCC_WARN_UNINITIALIZED_AUTOS = YES_AGGRESSIVE;
				GCC_WARN_UNUSED_FUNCTION = YES;
				GCC_WARN_UNUSED_VARIABLE = YES;
				IPHONEOS_DEPLOYMENT_TARGET = 16.2;
				MTL_ENABLE_DEBUG_INFO = NO;
				MTL_FAST_MATH = YES;
				SDKROOT = iphoneos;
				SWIFT_COMPILATION_MODE = wholemodule;
				SWIFT_OPTIMIZATION_LEVEL = "-O";
				VALIDATE_PRODUCT = YES;
			};
			name = Release;
		};
		1FB3DBBE29CCFE9700ABEC5E /* Debug */ = {
			isa = XCBuildConfiguration;
			buildSettings = {
				ASSETCATALOG_COMPILER_APPICON_NAME = AppIcon;
				ASSETCATALOG_COMPILER_GLOBAL_ACCENT_COLOR_NAME = AccentColor;
				CODE_SIGN_STYLE = Automatic;
				CURRENT_PROJECT_VERSION = 1;
				DEVELOPMENT_ASSET_PATHS = "\"ExpandableCalendarTile/Preview Content\"";
				DEVELOPMENT_TEAM = UTG2V2H3FK;
				ENABLE_PREVIEWS = YES;
				GENERATE_INFOPLIST_FILE = YES;
				INFOPLIST_KEY_UIApplicationSceneManifest_Generation = YES;
				INFOPLIST_KEY_UIApplicationSupportsIndirectInputEvents = YES;
				INFOPLIST_KEY_UILaunchScreen_Generation = YES;
				INFOPLIST_KEY_UISupportedInterfaceOrientations_iPad = "UIInterfaceOrientationPortrait UIInterfaceOrientationPortraitUpsideDown UIInterfaceOrientationLandscapeLeft UIInterfaceOrientationLandscapeRight";
				INFOPLIST_KEY_UISupportedInterfaceOrientations_iPhone = "UIInterfaceOrientationPortrait UIInterfaceOrientationLandscapeLeft UIInterfaceOrientationLandscapeRight";
				LD_RUNPATH_SEARCH_PATHS = (
					"$(inherited)",
					"@executable_path/Frameworks",
				);
				MARKETING_VERSION = 1.0;
				PRODUCT_BUNDLE_IDENTIFIER = ro.deltaapps.ExpandableCalendarTile;
				PRODUCT_NAME = "$(TARGET_NAME)";
				SWIFT_EMIT_LOC_STRINGS = YES;
				SWIFT_VERSION = 5.0;
				TARGETED_DEVICE_FAMILY = "1,2";
			};
			name = Debug;
		};
		1FB3DBBF29CCFE9700ABEC5E /* Release */ = {
			isa = XCBuildConfiguration;
			buildSettings = {
				ASSETCATALOG_COMPILER_APPICON_NAME = AppIcon;
				ASSETCATALOG_COMPILER_GLOBAL_ACCENT_COLOR_NAME = AccentColor;
				CODE_SIGN_STYLE = Automatic;
				CURRENT_PROJECT_VERSION = 1;
				DEVELOPMENT_ASSET_PATHS = "\"ExpandableCalendarTile/Preview Content\"";
				DEVELOPMENT_TEAM = UTG2V2H3FK;
				ENABLE_PREVIEWS = YES;
				GENERATE_INFOPLIST_FILE = YES;
				INFOPLIST_KEY_UIApplicationSceneManifest_Generation = YES;
				INFOPLIST_KEY_UIApplicationSupportsIndirectInputEvents = YES;
				INFOPLIST_KEY_UILaunchScreen_Generation = YES;
				INFOPLIST_KEY_UISupportedInterfaceOrientations_iPad = "UIInterfaceOrientationPortrait UIInterfaceOrientationPortraitUpsideDown UIInterfaceOrientationLandscapeLeft UIInterfaceOrientationLandscapeRight";
				INFOPLIST_KEY_UISupportedInterfaceOrientations_iPhone = "UIInterfaceOrientationPortrait UIInterfaceOrientationLandscapeLeft UIInterfaceOrientationLandscapeRight";
				LD_RUNPATH_SEARCH_PATHS = (
					"$(inherited)",
					"@executable_path/Frameworks",
				);
				MARKETING_VERSION = 1.0;
				PRODUCT_BUNDLE_IDENTIFIER = ro.deltaapps.ExpandableCalendarTile;
				PRODUCT_NAME = "$(TARGET_NAME)";
				SWIFT_EMIT_LOC_STRINGS = YES;
				SWIFT_VERSION = 5.0;
				TARGETED_DEVICE_FAMILY = "1,2";
			};
			name = Release;
		};
/* End XCBuildConfiguration section */

/* Begin XCConfigurationList section */
		1FB3DBAA29CCFE9700ABEC5E /* Build configuration list for PBXProject "ExpandableCalendarTile" */ = {
			isa = XCConfigurationList;
			buildConfigurations = (
				1FB3DBBB29CCFE9700ABEC5E /* Debug */,
				1FB3DBBC29CCFE9700ABEC5E /* Release */,
			);
			defaultConfigurationIsVisible = 0;
			defaultConfigurationName = Release;
		};
		1FB3DBBD29CCFE9700ABEC5E /* Build configuration list for PBXNativeTarget "ExpandableCalendarTile" */ = {
			isa = XCConfigurationList;
			buildConfigurations = (
				1FB3DBBE29CCFE9700ABEC5E /* Debug */,
				1FB3DBBF29CCFE9700ABEC5E /* Release */,
			);
			defaultConfigurationIsVisible = 0;
			defaultConfigurationName = Release;
		};
/* End XCConfigurationList section */
	};
	rootObject = 1FB3DBA729CCFE9700ABEC5E /* Project object */;
}
